{
	"name": "morphlex",
	"version": "1.4.0",
	"lockfileVersion": 3,
	"requires": true,
	"packages": {
		"": {
			"name": "morphlex",
			"version": "1.4.0",
			"license": "MIT",
			"devDependencies": {
				"@types/node": "^26.6.4",
				"@vitest/browser": "^4.1.11",
				"@vitest/browser-playwright": "^4.1.11",
				"@vitest/coverage-v8": "^4.1.11",
				"@vitest/ui": "^4.1.11",
				"happy-dom": "^20.14.5",
				"jsr": "^0.13.5",
				"oxlint": "^1.86.0",
				"oxlint-tsgolint": "^7.0.2003",
				"playwright": "^1.63.0",
				"prettier": "^3.9.9",
				"rolldown": "^1.2.12",
				"typescript": "^7.0.2",
				"vitest": "^4.1.11"
			},
			"funding": {
				"type": "github",
				"url": "https://github.com/sponsors/joeldrapper"
			}
		},
		"node_modules/@babel/helper-string-parser": {
			"version": "7.29.7",
			"dev": true,
			"license": "MIT",
			"engines": {
				"node": ">=6.9.0"
			}
		},
		"node_modules/@babel/helper-validator-identifier": {
			"version": "7.29.7",
			"dev": true,
			"license": "MIT",
			"engines": {
				"node": ">=6.9.0"
			}
		},
		"node_modules/@babel/parser": {
			"version": "7.29.9",
			"dev": true,
			"license": "MIT",
			"dependencies": {
				"@babel/types": "^7.29.8"
			},
			"bin": {
				"parser": "bin/babel-parser.js"
			},
			"engines": {
				"node": ">=6.0.0"
			}
		},
		"node_modules/@babel/types": {
			"version": "7.29.8",
			"dev": true,
			"license": "MIT",
			"dependencies": {
				"@babel/helper-string-parser": "^7.29.7",
				"@babel/helper-validator-identifier": "^7.29.7"
			},
			"engines": {
				"node": ">=6.9.0"
			}
		},
		"node_modules/@bcoe/v8-coverage": {
			"version": "1.0.2",
			"dev": true,
			"license": "MIT",
			"engines": {
				"node": ">=18"
			}
		},
		"node_modules/@blazediff/core": {
			"version": "1.9.1",
			"dev": true,
			"license": "MIT"
		},
		"node_modules/@jridgewell/resolve-uri": {
			"version": "3.1.2",
			"dev": true,
			"license": "MIT",
			"engines": {
				"node": ">=6.0.0"
			}
		},
		"node_modules/@jridgewell/sourcemap-codec": {
			"version": "1.6.0",
			"dev": true,
			"license": "MIT"
		},
		"node_modules/@jridgewell/trace-mapping": {
			"version": "0.3.31",
			"dev": true,
			"license": "MIT",
			"dependencies": {
				"@jridgewell/resolve-uri": "^3.1.0",
				"@jridgewell/sourcemap-codec": "^1.4.14"
			}
		},
		"node_modules/@oxc-project/types": {
			"version": "0.152.0",
			"dev": true,
			"license": "MIT",
			"funding": {
				"url": "https://github.com/sponsors/oxc-project"
			}
		},
		"node_modules/@oxlint-tsgolint/linux-x64": {
			"version": "7.0.2003",
			"cpu": [
				"x64"
			],
			"dev": true,
			"license": "MIT",
			"optional": true,
			"os": [
				"linux"
			]
		},
		"node_modules/@oxlint/binding-linux-x64-gnu": {
			"version": "1.86.0",
			"cpu": [
				"x64"
			],
			"dev": true,
			"license": "MIT",
			"optional": true,
			"os": [
				"linux"
			],
			"engines": {
				"node": "^20.19.0 || >=22.12.0"
			}
		},
		"node_modules/@polka/url": {
			"version": "1.0.0-next.29",
			"dev": true,
			"license": "MIT"
		},
		"node_modules/@rolldown/binding-linux-x64-gnu": {
			"version": "1.2.12",
			"cpu": [
				"x64"
			],
			"dev": true,
			"license": "MIT",
			"optional": true,
			"os": [
				"linux"
			],
			"engines": {
				"node": "^20.19.0 || >=22.12.0"
			}
		},
		"node_modules/@rolldown/pluginutils": {
			"version": "1.0.1",
			"dev": true,
			"license": "MIT"
		},
		"node_modules/@standard-schema/spec": {
			"version": "1.1.0",
			"dev": true,
			"license": "MIT"
		},
		"node_modules/@types/chai": {
			"version": "5.2.3",
			"dev": true,
			"license": "MIT",
			"dependencies": {
				"@types/deep-eql": "*",
				"assertion-error": "^2.0.1"
			}
		},
		"node_modules/@types/deep-eql": {
			"version": "4.0.2",
			"dev": true,
			"license": "MIT"
		},
		"node_modules/@types/estree": {
			"version": "1.0.9",
			"dev": true,
			"license": "MIT"
		},
		"node_modules/@types/node": {
			"version": "26.6.4",
			"dev": true,
			"license": "MIT",
			"dependencies": {
				"undici-types": "~8.9.0"
			}
		},
		"node_modules/@types/whatwg-mimetype": {
			"version": "3.0.2",
			"dev": true,
			"license": "MIT"
		},
		"node_modules/@types/ws": {
			"version": "8.18.2",
			"dev": true,
			"license": "MIT",
			"dependencies": {
				"@types/node": "*"
			}
		},
		"node_modules/@typescript/typescript-linux-x64": {
			"version": "7.0.2",
			"cpu": [
				"x64"
			],
			"dev": true,
			"license": "Apache-2.0",
			"optional": true,
			"os": [
				"linux"
			],
			"engines": {
				"node": ">=16.20.0"
			}
		},
		"node_modules/@vitest/browser": {
			"version": "4.1.11",
			"dev": true,
			"license": "MIT",
			"dependencies": {
				"@blazediff/core": "1.9.1",
				"@vitest/mocker": "4.1.11",
				"@vitest/utils": "4.1.11",
				"magic-string": "^0.30.21",
				"pngjs": "^7.0.0",
				"sirv": "^3.0.2",
				"tinyrainbow": "^3.1.0",
				"ws": "^8.19.0"
			},
			"funding": {
				"url": "https://opencollective.com/vitest"
			},
			"peerDependencies": {
				"vitest": "4.1.11"
			}
		},
		"node_modules/@vitest/browser-playwright": {
			"version": "4.1.11",
			"dev": true,
			"license": "MIT",
			"dependencies": {
				"@vitest/browser": "4.1.11",
				"@vitest/mocker": "4.1.11",
				"tinyrainbow": "^3.1.0"
			},
			"funding": {
				"url": "https://opencollective.com/vitest"
			},
			"peerDependencies": {
				"playwright": "*",
				"vitest": "4.1.11"
			},
			"peerDependenciesMeta": {
				"playwright": {
					"optional": false
				}
			}
		},
		"node_modules/@vitest/coverage-v8": {
			"version": "4.1.11",
			"dev": true,
			"license": "MIT",
			"dependencies": {
				"@bcoe/v8-coverage": "^1.0.2",
				"@vitest/utils": "4.1.11",
				"ast-v8-to-istanbul": "^1.0.0",
				"istanbul-lib-coverage": "^3.2.2",
				"istanbul-lib-report": "^3.0.1",
				"istanbul-reports": "^3.2.0",
				"magicast": "^0.5.2",
				"obug": "^2.1.1",
				"std-env": "^4.0.0-rc.1",
				"tinyrainbow": "^3.1.0"
			},
			"funding": {
				"url": "https://opencollective.com/vitest"
			},
			"peerDependencies": {
				"@vitest/browser": "4.1.11",
				"vitest": "4.1.11"
			},
			"peerDependenciesMeta": {
				"@vitest/browser": {
					"optional": true
				}
			}
		},
		"node_modules/@vitest/expect": {
			"version": "4.1.11",
			"dev": true,
			"license": "MIT",
			"dependencies": {
				"@standard-schema/spec": "^1.1.0",
				"@types/chai": "^5.2.2",
				"@vitest/spy": "4.1.11",
				"@vitest/utils": "4.1.11",
				"chai": "^6.2.2",
				"tinyrainbow": "^3.1.0"
			},
			"funding": {
				"url": "https://opencollective.com/vitest"
			}
		},
		"node_modules/@vitest/mocker": {
			"version": "4.1.11",
			"dev": true,
			"license": "MIT",
			"dependencies": {
				"@vitest/spy": "4.1.11",
				"estree-walker": "^3.0.3",
				"magic-string": "^0.30.21"
			},
			"funding": {
				"url": "https://opencollective.com/vitest"
			},
			"peerDependencies": {
				"msw": "^2.4.9",
				"vite": "^6.0.0 || ^7.0.0 || ^8.0.0"
			},
			"peerDependenciesMeta": {
				"msw": {
					"optional": true
				},
				"vite": {
					"optional": true
				}
			}
		},
		"node_modules/@vitest/pretty-format": {
			"version": "4.1.11",
			"dev": true,
			"license": "MIT",
			"dependencies": {
				"tinyrainbow": "^3.1.0"
			},
			"funding": {
				"url": "https://opencollective.com/vitest"
			}
		},
		"node_modules/@vitest/runner": {
			"version": "4.1.11",
			"dev": true,
			"license": "MIT",
			"dependencies": {
				"@vitest/utils": "4.1.11",
				"pathe": "^2.0.3"
			},
			"funding": {
				"url": "https://opencollective.com/vitest"
			}
		},
		"node_modules/@vitest/snapshot": {
			"version": "4.1.11",
			"dev": true,
			"license": "MIT",
			"dependencies": {
				"@vitest/pretty-format": "4.1.11",
				"@vitest/utils": "4.1.11",
				"magic-string": "^0.30.21",
				"pathe": "^2.0.3"
			},
			"funding": {
				"url": "https://opencollective.com/vitest"
			}
		},
		"node_modules/@vitest/spy": {
			"version": "4.1.11",
			"dev": true,
			"license": "MIT",
			"funding": {
				"url": "https://opencollective.com/vitest"
			}
		},
		"node_modules/@vitest/ui": {
			"version": "4.1.11",
			"dev": true,
			"license": "MIT",
			"dependencies": {
				"@vitest/utils": "4.1.11",
				"fflate": "^0.8.2",
				"flatted": "^3.4.2",
				"pathe": "^2.0.3",
				"sirv": "^3.0.2",
				"tinyglobby": "^0.2.15",
				"tinyrainbow": "^3.1.0"
			},
			"funding": {
				"url": "https://opencollective.com/vitest"
			},
			"peerDependencies": {
				"vitest": "4.1.11"
			}
		},
		"node_modules/@vitest/utils": {
			"version": "4.1.11",
			"dev": true,
			"license": "MIT",
			"dependencies": {
				"@vitest/pretty-format": "4.1.11",
				"convert-source-map": "^2.0.0",
				"tinyrainbow": "^3.1.0"
			},
			"funding": {
				"url": "https://opencollective.com/vitest"
			}
		},
		"node_modules/assertion-error": {
			"version": "2.0.1",
			"dev": true,
			"license": "MIT",
			"engines": {
				"node": ">=12"
			}
		},
		"node_modules/ast-v8-to-istanbul": {
			"version": "1.0.7",
			"dev": true,
			"license": "MIT",
			"dependencies": {
				"@jridgewell/trace-mapping": "^0.3.31",
				"estree-walker": "^3.0.3",
				"js-tokens": "^10.0.0"
			}
		},
		"node_modules/buffer-image-size": {
			"version": "0.6.4",
			"dev": true,
			"license": "MIT",
			"dependencies": {
				"@types/node": "*"
			},
			"engines": {
				"node": ">=4.0"
			}
		},
		"node_modules/chai": {
			"version": "6.3.0",
			"dev": true,
			"license": "MIT",
			"engines": {
				"node": ">=18"
			}
		},
		"node_modules/convert-source-map": {
			"version": "2.0.0",
			"dev": true,
			"license": "MIT"
		},
		"node_modules/detect-libc": {
			"version": "2.1.2",
			"dev": true,
			"license": "Apache-2.0",
			"engines": {
				"node": ">=8"
			}
		},
		"node_modules/entities": {
			"version": "7.0.1",
			"dev": true,
			"license": "BSD-2-Clause",
			"engines": {
				"node": ">=0.12"
			},
			"funding": {
				"url": "https://github.com/fb55/entities?sponsor=1"
			}
		},
		"node_modules/es-module-lexer": {
			"version": "2.3.2",
			"dev": true,
			"license": "MIT"
		},
		"node_modules/estree-walker": {
			"version": "3.0.3",
			"dev": true,
			"license": "MIT",
			"dependencies": {
				"@types/estree": "^1.0.0"
			}
		},
		"node_modules/expect-type": {
			"version": "1.4.0",
			"dev": true,
			"license": "Apache-2.0",
			"engines": {
				"node": ">=12.0.0"
			}
		},
		"node_modules/fdir": {
			"version": "6.5.0",
			"dev": true,
			"license": "MIT",
			"engines": {
				"node": ">=12.0.0"
			},
			"peerDependencies": {
				"picomatch": "^3 || ^4"
			},
			"peerDependenciesMeta": {
				"picomatch": {
					"optional": true
				}
			}
		},
		"node_modules/fflate": {
			"version": "0.8.3",
			"dev": true,
			"license": "MIT"
		},
		"node_modules/flatted": {
			"version": "3.4.4",
			"dev": true,
			"license": "ISC"
		},
		"node_modules/happy-dom": {
			"version": "20.14.5",
			"dev": true,
			"license": "MIT",
			"dependencies": {
				"@types/node": ">=20.0.0",
				"@types/whatwg-mimetype": "^3.0.2",
				"@types/ws": "^8.18.1",
				"buffer-image-size": "^0.6.4",
				"entities": "^7.0.1",
				"whatwg-mimetype": "^3.0.0",
				"ws": "^8.21.0"
			},
			"engines": {
				"node": ">=20.0.0"
			}
		},
		"node_modules/has-flag": {
			"version": "4.0.0",
			"dev": true,
			"license": "MIT",
			"engines": {
				"node": ">=8"
			}
		},
		"node_modules/html-escaper": {
			"version": "2.0.2",
			"dev": true,
			"license": "MIT"
		},
		"node_modules/istanbul-lib-coverage": {
			"version": "3.2.2",
			"dev": true,
			"license": "BSD-3-Clause",
			"engines": {
				"node": ">=8"
			}
		},
		"node_modules/istanbul-lib-report": {
			"version": "3.0.1",
			"dev": true,
			"license": "BSD-3-Clause",
			"dependencies": {
				"istanbul-lib-coverage": "^3.0.0",
				"make-dir": "^4.0.0",
				"supports-color": "^7.1.0"
			},
			"engines": {
				"node": ">=10"
			}
		},
		"node_modules/istanbul-reports": {
			"version": "3.2.0",
			"dev": true,
			"license": "BSD-3-Clause",
			"dependencies": {
				"html-escaper": "^2.0.0",
				"istanbul-lib-report": "^3.0.0"
			},
			"engines": {
				"node": ">=8"
			}
		},
		"node_modules/js-tokens": {
			"version": "10.0.0",
			"dev": true,
			"license": "MIT"
		},
		"node_modules/jsr": {
			"version": "0.13.5",
			"dev": true,
			"license": "MIT",
			"dependencies": {
				"node-stream-zip": "^1.15.0",
				"semiver": "^1.1.0"
			},
			"bin": {
				"jsr": "dist/bin.js"
			}
		},
		"node_modules/lightningcss": {
			"version": "1.33.0",
			"dev": true,
			"license": "MPL-2.0",
			"dependencies": {
				"detect-libc": "^2.0.3"
			},
			"engines": {
				"node": ">= 12.0.0"
			},
			"funding": {
				"type": "opencollective",
				"url": "https://opencollective.com/parcel"
			},
			"optionalDependencies": {
				"lightningcss-android-arm64": "1.33.0",
				"lightningcss-darwin-arm64": "1.33.0",
				"lightningcss-darwin-x64": "1.33.0",
				"lightningcss-freebsd-x64": "1.33.0",
				"lightningcss-linux-arm-gnueabihf": "1.33.0",
				"lightningcss-linux-arm64-gnu": "1.33.0",
				"lightningcss-linux-arm64-musl": "1.33.0",
				"lightningcss-linux-x64-gnu": "1.33.0",
				"lightningcss-linux-x64-musl": "1.33.0",
				"lightningcss-win32-arm64-msvc": "1.33.0",
				"lightningcss-win32-x64-msvc": "1.33.0"
			}
		},
		"node_modules/lightningcss-linux-x64-gnu": {
			"version": "1.33.0",
			"cpu": [
				"x64"
			],
			"dev": true,
			"license": "MPL-2.0",
			"optional": true,
			"os": [
				"linux"
			],
			"engines": {
				"node": ">= 12.0.0"
			},
			"funding": {
				"type": "opencollective",
				"url": "https://opencollective.com/parcel"
			}
		},
		"node_modules/magic-string": {
			"version": "0.30.21",
			"dev": true,
			"license": "MIT",
			"dependencies": {
				"@jridgewell/sourcemap-codec": "^1.5.5"
			}
		},
		"node_modules/magicast": {
			"version": "0.5.5",
			"dev": true,
			"license": "MIT",
			"dependencies": {
				"@babel/parser": "^7.29.7",
				"@babel/types": "^7.29.7",
				"source-map-js": "^1.2.1"
			}
		},
		"node_modules/make-dir": {
			"version": "4.0.0",
			"dev": true,
			"license": "MIT",
			"dependencies": {
				"semver": "^7.5.3"
			},
			"engines": {
				"node": ">=10"
			},
			"funding": {
				"url": "https://github.com/sponsors/sindresorhus"
			}
		},
		"node_modules/mrmime": {
			"version": "2.0.1",
			"dev": true,
			"license": "MIT",
			"engines": {
				"node": ">=10"
			}
		},
		"node_modules/nanoid": {
			"version": "3.3.19",
			"dev": true,
			"funding": [
				{
					"type": "github",
					"url": "https://github.com/sponsors/ai"
				}
			],
			"license": "MIT",
			"bin": {
				"nanoid": "bin/nanoid.cjs"
			},
			"engines": {
				"node": "^10 || ^12 || ^13.7 || ^14 || >=15.0.1"
			}
		},
		"node_modules/node-stream-zip": {
			"version": "1.16.0",
			"dev": true,
			"license": "MIT",
			"engines": {
				"node": ">=0.12.0"
			},
			"funding": {
				"type": "github",
				"url": "https://github.com/sponsors/antelle"
			}
		},
		"node_modules/obug": {
			"version": "2.2.1",
			"dev": true,
			"funding": [
				"https://github.com/sponsors/sxzz",
				"https://opencollective.com/debug"
			],
			"license": "MIT",
			"engines": {
				"node": ">=12.20.0"
			}
		},
		"node_modules/oxlint": {
			"version": "1.86.0",
			"dev": true,
			"license": "MIT",
			"bin": {
				"oxlint": "bin/oxlint"
			},
			"engines": {
				"node": "^20.19.0 || >=22.12.0"
			},
			"funding": {
				"url": "https://github.com/sponsors/oxc-project"
			},
			"optionalDependencies": {
				"@oxlint/binding-android-arm-eabi": "1.86.0",
				"@oxlint/binding-android-arm64": "1.86.0",
				"@oxlint/binding-darwin-arm64": "1.86.0",
				"@oxlint/binding-darwin-x64": "1.86.0",
				"@oxlint/binding-freebsd-x64": "1.86.0",
				"@oxlint/binding-linux-arm-gnueabihf": "1.86.0",
				"@oxlint/binding-linux-arm-musleabihf": "1.86.0",
				"@oxlint/binding-linux-arm64-gnu": "1.86.0",
				"@oxlint/binding-linux-arm64-musl": "1.86.0",
				"@oxlint/binding-linux-ppc64-gnu": "1.86.0",
				"@oxlint/binding-linux-riscv64-gnu": "1.86.0",
				"@oxlint/binding-linux-riscv64-musl": "1.86.0",
				"@oxlint/binding-linux-s390x-gnu": "1.86.0",
				"@oxlint/binding-linux-x64-gnu": "1.86.0",
				"@oxlint/binding-linux-x64-musl": "1.86.0",
				"@oxlint/binding-openharmony-arm64": "1.86.0",
				"@oxlint/binding-win32-arm64-msvc": "1.86.0",
				"@oxlint/binding-win32-ia32-msvc": "1.86.0",
				"@oxlint/binding-win32-x64-msvc": "1.86.0"
			},
			"peerDependencies": {
				"oxlint-tsgolint": ">=7.0.2003",
				"vite-plus": "*"
			},
			"peerDependenciesMeta": {
				"oxlint-tsgolint": {
					"optional": true
				},
				"vite-plus": {
					"optional": true
				}
			}
		},
		"node_modules/oxlint-tsgolint": {
			"version": "7.0.2003",
			"dev": true,
			"license": "MIT",
			"bin": {
				"tsgolint": "bin/tsgolint.js"
			},
			"optionalDependencies": {
				"@oxlint-tsgolint/darwin-arm64": "7.0.2003",
				"@oxlint-tsgolint/darwin-x64": "7.0.2003",
				"@oxlint-tsgolint/linux-arm64": "7.0.2003",
				"@oxlint-tsgolint/linux-x64": "7.0.2003",
				"@oxlint-tsgolint/win32-arm64": "7.0.2003",
				"@oxlint-tsgolint/win32-x64": "7.0.2003"
			}
		},
		"node_modules/pathe": {
			"version": "2.0.3",
			"dev": true,
			"license": "MIT"
		},
		"node_modules/picocolors": {
			"version": "1.1.1",
			"dev": true,
			"license": "ISC"
		},
		"node_modules/picomatch": {
			"version": "4.0.7",
			"dev": true,
			"license": "MIT",
			"engines": {
				"node": ">=12"
			},
			"funding": {
				"url": "https://github.com/sponsors/jonschlinkert"
			}
		},
		"node_modules/playwright": {
			"version": "1.63.0",
			"resolved": "https://registry.npmjs.org/playwright/-/playwright-1.63.0.tgz",
			"integrity": "sha512-+7ziBLidS4NaNCdt57SUDT+wYmmd5fmiQejUic/kb+YsYSCPyOOE9sebzMjNmQrsnNpDJqd4WHvV/8lfKfUDUg==",
			"dev": true,
			"license": "Apache-2.0",
			"dependencies": {
				"playwright-core": "1.63.0"
			},
			"bin": {
				"playwright": "cli.js"
			},
			"engines": {
				"node": ">=20"
			}
		},
		"node_modules/playwright-core": {
			"version": "1.63.0",
			"resolved": "https://registry.npmjs.org/playwright-core/-/playwright-core-1.63.0.tgz",
			"integrity": "sha512-rYCsBF/M5HjUch52bbtVONEFjv6Xu8sm8h72dNlR5bzIE1fvC/bxgspzkjSfU+MweEMmPM8KJebG6nnyxo5mCg==",
			"dev": true,
			"license": "Apache-2.0",
			"bin": {
				"playwright-core": "cli.js"
			},
			"engines": {
				"node": ">=20"
			}
		},
		"node_modules/pngjs": {
			"version": "7.0.0",
			"dev": true,
			"license": "MIT",
			"engines": {
				"node": ">=14.19.0"
			}
		},
		"node_modules/postcss": {
			"version": "8.5.28",
			"dev": true,
			"funding": [
				{
					"type": "opencollective",
					"url": "https://opencollective.com/postcss/"
				},
				{
					"type": "tidelift",
					"url": "https://tidelift.com/funding/github/npm/postcss"
				},
				{
					"type": "github",
					"url": "https://github.com/sponsors/ai"
				}
			],
			"license": "MIT",
			"dependencies": {
				"nanoid": "^3.3.18",
				"picocolors": "^1.1.1",
				"source-map-js": "^1.2.1"
			},
			"engines": {
				"node": "^10 || ^12 || >=14"
			}
		},
		"node_modules/prettier": {
			"version": "3.9.9",
			"dev": true,
			"license": "MIT",
			"bin": {
				"prettier": "bin/prettier.cjs"
			},
			"engines": {
				"node": ">=14"
			},
			"funding": {
				"url": "https://github.com/prettier/prettier?sponsor=1"
			}
		},
		"node_modules/rolldown": {
			"version": "1.2.12",
			"dev": true,
			"license": "MIT",
			"dependencies": {
				"@oxc-project/types": "=0.152.0",
				"@rolldown/pluginutils": "^1.0.0"
			},
			"bin": {
				"rolldown": "bin/cli.mjs"
			},
			"engines": {
				"node": "^20.19.0 || >=22.12.0"
			},
			"optionalDependencies": {
				"@rolldown/binding-android-arm-eabi": "1.2.12",
				"@rolldown/binding-android-arm64": "1.2.12",
				"@rolldown/binding-darwin-arm64": "1.2.12",
				"@rolldown/binding-darwin-x64": "1.2.12",
				"@rolldown/binding-freebsd-x64": "1.2.12",
				"@rolldown/binding-linux-arm-gnueabihf": "1.2.12",
				"@rolldown/binding-linux-arm64-gnu": "1.2.12",
				"@rolldown/binding-linux-arm64-musl": "1.2.12",
				"@rolldown/binding-linux-ppc64-gnu": "1.2.12",
				"@rolldown/binding-linux-s390x-gnu": "1.2.12",
				"@rolldown/binding-linux-x64-gnu": "1.2.12",
				"@rolldown/binding-linux-x64-musl": "1.2.12",
				"@rolldown/binding-openharmony-arm64": "1.2.12",
				"@rolldown/binding-win32-arm64-msvc": "1.2.12",
				"@rolldown/binding-win32-x64-msvc": "1.2.12"
			}
		},
		"node_modules/semiver": {
			"version": "1.1.0",
			"dev": true,
			"license": "MIT",
			"engines": {
				"node": ">=6"
			}
		},
		"node_modules/semver": {
			"version": "7.8.5",
			"dev": true,
			"license": "ISC",
			"bin": {
				"semver": "bin/semver.js"
			},
			"engines": {
				"node": ">=10"
			}
		},
		"node_modules/siginfo": {
			"version": "2.0.0",
			"dev": true,
			"license": "ISC"
		},
		"node_modules/sirv": {
			"version": "3.0.2",
			"dev": true,
			"license": "MIT",
			"dependencies": {
				"@polka/url": "^1.0.0-next.24",
				"mrmime": "^2.0.0",
				"totalist": "^3.0.0"
			},
			"engines": {
				"node": ">=18"
			}
		},
		"node_modules/source-map-js": {
			"version": "1.2.2",
			"dev": true,
			"license": "BSD-3-Clause",
			"engines": {
				"node": ">=0.10.0"
			}
		},
		"node_modules/stackback": {
			"version": "0.0.2",
			"dev": true,
			"license": "MIT"
		},
		"node_modules/std-env": {
			"version": "4.3.0",
			"dev": true,
			"license": "MIT"
		},
		"node_modules/supports-color": {
			"version": "7.2.0",
			"dev": true,
			"license": "MIT",
			"dependencies": {
				"has-flag": "^4.0.0"
			},
			"engines": {
				"node": ">=8"
			}
		},
		"node_modules/tinybench": {
			"version": "2.9.0",
			"dev": true,
			"license": "MIT"
		},
		"node_modules/tinyexec": {
			"version": "1.3.1",
			"dev": true,
			"license": "MIT",
			"engines": {
				"node": ">=18"
			}
		},
		"node_modules/tinyglobby": {
			"version": "0.2.17",
			"dev": true,
			"license": "MIT",
			"dependencies": {
				"fdir": "^6.5.0",
				"picomatch": "^4.0.4"
			},
			"engines": {
				"node": ">=12.0.0"
			},
			"funding": {
				"url": "https://github.com/sponsors/SuperchupuDev"
			}
		},
		"node_modules/tinyrainbow": {
			"version": "3.2.0",
			"dev": true,
			"license": "MIT",
			"engines": {
				"node": ">=14.0.0"
			}
		},
		"node_modules/totalist": {
			"version": "3.0.1",
			"dev": true,
			"license": "MIT",
			"engines": {
				"node": ">=6"
			}
		},
		"node_modules/typescript": {
			"version": "7.0.2",
			"dev": true,
			"license": "Apache-2.0",
			"bin": {
				"tsc": "bin/tsc"
			},
			"engines": {
				"node": ">=16.20.0"
			},
			"optionalDependencies": {
				"@typescript/typescript-aix-ppc64": "7.0.2",
				"@typescript/typescript-darwin-arm64": "7.0.2",
				"@typescript/typescript-darwin-x64": "7.0.2",
				"@typescript/typescript-freebsd-arm64": "7.0.2",
				"@typescript/typescript-freebsd-x64": "7.0.2",
				"@typescript/typescript-linux-arm": "7.0.2",
				"@typescript/typescript-linux-arm64": "7.0.2",
				"@typescript/typescript-linux-loong64": "7.0.2",
				"@typescript/typescript-linux-mips64el": "7.0.2",
				"@typescript/typescript-linux-ppc64": "7.0.2",
				"@typescript/typescript-linux-riscv64": "7.0.2",
				"@typescript/typescript-linux-s390x": "7.0.2",
				"@typescript/typescript-linux-x64": "7.0.2",
				"@typescript/typescript-netbsd-arm64": "7.0.2",
				"@typescript/typescript-netbsd-x64": "7.0.2",
				"@typescript/typescript-openbsd-arm64": "7.0.2",
				"@typescript/typescript-openbsd-x64": "7.0.2",
				"@typescript/typescript-sunos-x64": "7.0.2",
				"@typescript/typescript-win32-arm64": "7.0.2",
				"@typescript/typescript-win32-x64": "7.0.2"
			}
		},
		"node_modules/undici-types": {
			"version": "8.9.0",
			"dev": true,
			"license": "MIT"
		},
		"node_modules/vite": {
			"version": "8.3.2",
			"dev": true,
			"license": "MIT",
			"dependencies": {
				"lightningcss": "^1.33.0",
				"picomatch": "^4.0.7",
				"postcss": "^8.5.28",
				"rolldown": "~1.2.11",
				"tinyglobby": "^0.2.17"
			},
			"bin": {
				"vite": "bin/vite.js"
			},
			"engines": {
				"node": "^20.19.0 || >=22.12.0"
			},
			"funding": {
				"url": "https://github.com/vitejs/vite?sponsor=1"
			},
			"optionalDependencies": {
				"fsevents": "~2.3.3"
			},
			"peerDependencies": {
				"@types/node": "^20.19.0 || >=22.12.0",
				"@vitejs/devtools": "^0.7.1",
				"esbuild": "^0.27.0 || ^0.28.0",
				"jiti": ">=1.21.0",
				"less": "^4.0.0",
				"sass": "^1.70.0",
				"sass-embedded": "^1.70.0",
				"stylus": ">=0.54.8",
				"sugarss": "^5.0.0",
				"terser": "^5.16.0",
				"tsx": "^4.8.1",
				"yaml": "^2.4.2"
			},
			"peerDependenciesMeta": {
				"@types/node": {
					"optional": true
				},
				"@vitejs/devtools": {
					"optional": true
				},
				"esbuild": {
					"optional": true
				},
				"jiti": {
					"optional": true
				},
				"less": {
					"optional": true
				},
				"sass": {
					"optional": true
				},
				"sass-embedded": {
					"optional": true
				},
				"stylus": {
					"optional": true
				},
				"sugarss": {
					"optional": true
				},
				"terser": {
					"optional": true
				},
				"tsx": {
					"optional": true
				},
				"yaml": {
					"optional": true
				}
			}
		},
		"node_modules/vitest": {
			"version": "4.1.11",
			"dev": true,
			"license": "MIT",
			"dependencies": {
				"@vitest/expect": "4.1.11",
				"@vitest/mocker": "4.1.11",
				"@vitest/pretty-format": "4.1.11",
				"@vitest/runner": "4.1.11",
				"@vitest/snapshot": "4.1.11",
				"@vitest/spy": "4.1.11",
				"@vitest/utils": "4.1.11",
				"es-module-lexer": "^2.0.0",
				"expect-type": "^1.3.0",
				"magic-string": "^0.30.21",
				"obug": "^2.1.1",
				"pathe": "^2.0.3",
				"picomatch": "^4.0.3",
				"std-env": "^4.0.0-rc.1",
				"tinybench": "^2.9.0",
				"tinyexec": "^1.0.2",
				"tinyglobby": "^0.2.15",
				"tinyrainbow": "^3.1.0",
				"vite": "^6.0.0 || ^7.0.0 || ^8.0.0",
				"why-is-node-running": "^2.3.0"
			},
			"bin": {
				"vitest": "vitest.mjs"
			},
			"engines": {
				"node": "^20.0.0 || ^22.0.0 || >=24.0.0"
			},
			"funding": {
				"url": "https://opencollective.com/vitest"
			},
			"peerDependencies": {
				"@edge-runtime/vm": "*",
				"@opentelemetry/api": "^1.9.0",
				"@types/node": "^20.0.0 || ^22.0.0 || >=24.0.0",
				"@vitest/browser-playwright": "4.1.11",
				"@vitest/browser-preview": "4.1.11",
				"@vitest/browser-webdriverio": "4.1.11",
				"@vitest/coverage-istanbul": "4.1.11",
				"@vitest/coverage-v8": "4.1.11",
				"@vitest/ui": "4.1.11",
				"happy-dom": "*",
				"jsdom": "*",
				"vite": "^6.0.0 || ^7.0.0 || ^8.0.0"
			},
			"peerDependenciesMeta": {
				"@edge-runtime/vm": {
					"optional": true
				},
				"@opentelemetry/api": {
					"optional": true
				},
				"@types/node": {
					"optional": true
				},
				"@vitest/browser-playwright": {
					"optional": true
				},
				"@vitest/browser-preview": {
					"optional": true
				},
				"@vitest/browser-webdriverio": {
					"optional": true
				},
				"@vitest/coverage-istanbul": {
					"optional": true
				},
				"@vitest/coverage-v8": {
					"optional": true
				},
				"@vitest/ui": {
					"optional": true
				},
				"happy-dom": {
					"optional": true
				},
				"jsdom": {
					"optional": true
				},
				"vite": {
					"optional": false
				}
			}
		},
		"node_modules/whatwg-mimetype": {
			"version": "3.0.0",
			"dev": true,
			"license": "MIT",
			"engines": {
				"node": ">=12"
			}
		},
		"node_modules/why-is-node-running": {
			"version": "2.3.0",
			"dev": true,
			"license": "MIT",
			"dependencies": {
				"siginfo": "^2.0.0",
				"stackback": "0.0.2"
			},
			"bin": {
				"why-is-node-running": "cli.js"
			},
			"engines": {
				"node": ">=8"
			}
		},
		"node_modules/ws": {
			"version": "8.22.0",
			"dev": true,
			"license": "MIT",
			"engines": {
				"node": ">=10.0.0"
			},
			"peerDependencies": {
				"bufferutil": "^4.0.1",
				"utf-8-validate": ">=5.0.2"
			},
			"peerDependenciesMeta": {
				"bufferutil": {
					"optional": true
				},
				"utf-8-validate": {
					"optional": true
				}
			}
		}
	}
}
